
Microsoft Visual Studio Solution File, Format Version 12.00
# Visual Studio Version 17
VisualStudioVersion = 17.4.33122.133
MinimumVisualStudioVersion = 10.0.40219.1
Project("{FAE04EC0-301F-11D3-BF4B-00C04F79EFBC}") = "OMDB_API", "OMDB_API.csproj", "{28FA58E7-3093-470D-A75C-905F5AF1D68B}"
EndProject
Global
	GlobalSection(SolutionConfigurationPlatforms) = preSolution
		Debug|Any CPU = Debug|Any CPU
		Release|Any CPU = Release|Any CPU
	EndGlobalSection
	GlobalSection(ProjectConfigurationPlatforms) = postSolution
		{28FA58E7-3093-470D-A75C-905F5AF1D68B}.Debug|Any CPU.ActiveCfg = Debug|Any CPU
		{28FA58E7-3093-470D-A75C-905F5AF1D68B}.Debug|Any CPU.Build.0 = Debug|Any CPU
		{28FA58E7-3093-470D-A75C-905F5AF1D68B}.Release|Any CPU.ActiveCfg = Release|Any CPU
		{28FA58E7-3093-470D-A75C-905F5AF1D68B}.Release|Any CPU.Build.0 = Release|Any CPU
	EndGlobalSection
	GlobalSection(SolutionProperties) = preSolution
		HideSolutionNode = FALSE
	EndGlobalSection
	GlobalSection(ExtensibilityGlobals) = postSolution
		SolutionGuid = {12911B47-B1CD-4906-96A6-55491525404A}
	EndGlobalSection
EndGlobal
